
Microsoft Visual Studio Solution File, Format Version 12.00
# Visual Studio Version 16
VisualStudioVersion = 16.0.34601.136
MinimumVisualStudioVersion = 10.0.40219.1
Project("{F184B08F-C81C-45F6-A57F-5ABD9991F28F}") = "Lesson-1", "Lesson-1.vbproj", "{E807E0C7-6C90-4F36-A160-74BE7CF40AF2}"
EndProject
Global
	GlobalSection(SolutionConfigurationPlatforms) = preSolution
		Debug|Any CPU = Debug|Any CPU
		Release|Any CPU = Release|Any CPU
	EndGlobalSection
	GlobalSection(ProjectConfigurationPlatforms) = postSolution
		{E807E0C7-6C90-4F36-A160-74BE7CF40AF2}.Debug|Any CPU.ActiveCfg = Debug|Any CPU
		{E807E0C7-6C90-4F36-A160-74BE7CF40AF2}.Debug|Any CPU.Build.0 = Debug|Any CPU
		{E807E0C7-6C90-4F36-A160-74BE7CF40AF2}.Release|Any CPU.ActiveCfg = Release|Any CPU
		{E807E0C7-6C90-4F36-A160-74BE7CF40AF2}.Release|Any CPU.Build.0 = Release|Any CPU
	EndGlobalSection
	GlobalSection(SolutionProperties) = preSolution
		HideSolutionNode = FALSE
	EndGlobalSection
	GlobalSection(ExtensibilityGlobals) = postSolution
		SolutionGuid = {11587424-F1BD-44C3-A508-E6BF88580B6C}
	EndGlobalSection
EndGlobal
